# THIS IS AN AUTOGENERATED FILE. DO NOT EDIT THIS FILE DIRECTLY.
# yarn lockfile v1
async-limiter@~1.0.0:
  version "1.0.0"
  resolved "https://registry.yarnpkg.com/async-limiter/-/async-limiter-1.0.0.tgz#78faed8c3d074ab81f22b4e985d79e8738f720f8"

ecstatic@^3.1.0:
  version "3.1.0"
  resolved "https://registry.yarnpkg.com/ecstatic/-/ecstatic-3.1.0.tgz#fa342eb30268d98b214caa9e9c7cd8a6c8cfc97e"
  dependencies:
    he "^1.1.1"
    mime "^1.4.0"
    minimist "^1.1.0"
    url-join "^2.0.2"

hat@^0.0.3:
  version "0.0.3"
  resolved "https://registry.yarnpkg.com/hat/-/hat-0.0.3.tgz#bb014a9e64b3788aed8005917413d4ff3d502d8a"

he@^1.1.1:
  version "1.1.1"
  resolved "https://registry.yarnpkg.com/he/-/he-1.1.1.tgz#93410fd21b009735151f8868c2f271f3427e23fd"

mime@^1.4.0:
  version "1.6.0"
  resolved "https://registry.yarnpkg.com/mime/-/mime-1.6.0.tgz#32cd9e5c64553bd58d19a568af452acff04981b1"

minimist@^1.1.0:
  version "1.2.0"
  resolved "https://registry.yarnpkg.com/minimist/-/minimist-1.2.0.tgz#a35008b20f41383eec1fb914f4cd5df79a264284"

safe-buffer@~5.1.0:
  version "5.1.1"
  resolved "https://registry.yarnpkg.com/safe-buffer/-/safe-buffer-5.1.1.tgz#893312af69b2123def71f57889001671eeb2c853"

ultron@~1.1.0:
  version "1.1.1"
  resolved "https://registry.yarnpkg.com/ultron/-/ultron-1.1.1.tgz#9fe1536a10a664a65266a1e3ccf85fd36302bc9c"

url-join@^2.0.2:
  version "2.0.2"
  resolved "https://registry.yarnpkg.com/url-join/-/url-join-2.0.2.tgz#c072756967ad24b8b59e5741551caac78f50b8b7"

ws@^3.3.2:
  version "3.3.2"
  resolved "https://registry.yarnpkg.com/ws/-/ws-3.3.2.tgz#96c1d08b3fefda1d5c1e33700d3bfaa9be2d5608"
  dependencies:
    async-limiter "~1.0.0"
    safe-buffer "~5.1.0"
    ultron "~1.1.0"

